
Microsoft Visual Studio Solution File, Format Version 12.00
# Visual Studio Version 17
VisualStudioVersion = 17.7.34018.315
MinimumVisualStudioVersion = 10.0.40219.1
Project("{FAE04EC0-301F-11D3-BF4B-00C04F79EFBC}") = "NotHesapla", "NotHesapla.csproj", "{FB812DDF-7694-4627-86A3-A29B52190841}"
EndProject
Global
	GlobalSection(SolutionConfigurationPlatforms) = preSolution
		Debug|Any CPU = Debug|Any CPU
		Release|Any CPU = Release|Any CPU
	EndGlobalSection
	GlobalSection(ProjectConfigurationPlatforms) = postSolution
		{FB812DDF-7694-4627-86A3-A29B52190841}.Debug|Any CPU.ActiveCfg = Debug|Any CPU
		{FB812DDF-7694-4627-86A3-A29B52190841}.Debug|Any CPU.Build.0 = Debug|Any CPU
		{FB812DDF-7694-4627-86A3-A29B52190841}.Release|Any CPU.ActiveCfg = Release|Any CPU
		{FB812DDF-7694-4627-86A3-A29B52190841}.Release|Any CPU.Build.0 = Release|Any CPU
	EndGlobalSection
	GlobalSection(SolutionProperties) = preSolution
		HideSolutionNode = FALSE
	EndGlobalSection
	GlobalSection(ExtensibilityGlobals) = postSolution
		SolutionGuid = {2E33303D-ED16-4AE6-A266-91F1ED926E48}
	EndGlobalSection
EndGlobal
